
Microsoft Visual Studio Solution File, Format Version 12.00
# Visual Studio 15
VisualStudioVersion = 15.0.28010.2050
MinimumVisualStudioVersion = 10.0.40219.1
Project("{9A19103F-16F7-4668-BE54-9A1E7A4F7556}") = "Blazortastics.Server", "Blazortastics.Server\Blazortastics.Server.csproj", "{9BD1D253-CA72-4937-BCB8-BA9B7B68ECC2}"
EndProject
Project("{9A19103F-16F7-4668-BE54-9A1E7A4F7556}") = "Blazortastics.App", "Blazortastics.App\Blazortastics.App.csproj", "{9AE4174E-A2F8-4C63-A470-CC048DD0A63F}"
EndProject
Project("{FAE04EC0-301F-11D3-BF4B-00C04F79EFBC}") = "Blazortastics.Core", "Blazortastics.Core\Blazortastics.Core.csproj", "{AAD9E326-2D5F-4132-912E-DE671F72473B}"
EndProject
Project("{9A19103F-16F7-4668-BE54-9A1E7A4F7556}") = "Blazortastics.DB", "Blazortastics.DB\Blazortastics.DB.csproj", "{F2BA156B-9A2F-4D38-AEFB-7DC0A4414C57}"
EndProject
Global
	GlobalSection(SolutionConfigurationPlatforms) = preSolution
		Debug|Any CPU = Debug|Any CPU
		Release|Any CPU = Release|Any CPU
	EndGlobalSection
	GlobalSection(ProjectConfigurationPlatforms) = postSolution
		{9BD1D253-CA72-4937-BCB8-BA9B7B68ECC2}.Debug|Any CPU.ActiveCfg = Debug|Any CPU
		{9BD1D253-CA72-4937-BCB8-BA9B7B68ECC2}.Debug|Any CPU.Build.0 = Debug|Any CPU
		{9BD1D253-CA72-4937-BCB8-BA9B7B68ECC2}.Release|Any CPU.ActiveCfg = Release|Any CPU
		{9BD1D253-CA72-4937-BCB8-BA9B7B68ECC2}.Release|Any CPU.Build.0 = Release|Any CPU
		{9AE4174E-A2F8-4C63-A470-CC048DD0A63F}.Debug|Any CPU.ActiveCfg = Debug|Any CPU
		{9AE4174E-A2F8-4C63-A470-CC048DD0A63F}.Debug|Any CPU.Build.0 = Debug|Any CPU
		{9AE4174E-A2F8-4C63-A470-CC048DD0A63F}.Release|Any CPU.ActiveCfg = Release|Any CPU
		{9AE4174E-A2F8-4C63-A470-CC048DD0A63F}.Release|Any CPU.Build.0 = Release|Any CPU
		{AAD9E326-2D5F-4132-912E-DE671F72473B}.Debug|Any CPU.ActiveCfg = Debug|Any CPU
		{AAD9E326-2D5F-4132-912E-DE671F72473B}.Debug|Any CPU.Build.0 = Debug|Any CPU
		{AAD9E326-2D5F-4132-912E-DE671F72473B}.Release|Any CPU.ActiveCfg = Release|Any CPU
		{AAD9E326-2D5F-4132-912E-DE671F72473B}.Release|Any CPU.Build.0 = Release|Any CPU
		{F2BA156B-9A2F-4D38-AEFB-7DC0A4414C57}.Debug|Any CPU.ActiveCfg = Debug|Any CPU
		{F2BA156B-9A2F-4D38-AEFB-7DC0A4414C57}.Debug|Any CPU.Build.0 = Debug|Any CPU
		{F2BA156B-9A2F-4D38-AEFB-7DC0A4414C57}.Release|Any CPU.ActiveCfg = Release|Any CPU
		{F2BA156B-9A2F-4D38-AEFB-7DC0A4414C57}.Release|Any CPU.Build.0 = Release|Any CPU
	EndGlobalSection
	GlobalSection(SolutionProperties) = preSolution
		HideSolutionNode = FALSE
	EndGlobalSection
	GlobalSection(ExtensibilityGlobals) = postSolution
		SolutionGuid = {EF834359-F43B-4901-AE26-1B0A9C79ADF1}
	EndGlobalSection
EndGlobal
